
Microsoft Visual Studio Solution File, Format Version 12.00
# Visual Studio 15
VisualStudioVersion = 15.0.27428.2015
MinimumVisualStudioVersion = 10.0.40219.1
Project("{FAE04EC0-301F-11D3-BF4B-00C04F79EFBC}") = "MusicStore", "MusicStore\MusicStore.csproj", "{F31B7080-3A35-4C68-A5E0-627DB66C302D}"
EndProject
Global
	GlobalSection(SolutionConfigurationPlatforms) = preSolution
		Debug|Any CPU = Debug|Any CPU
		Release|Any CPU = Release|Any CPU
	EndGlobalSection
	GlobalSection(ProjectConfigurationPlatforms) = postSolution
		{F31B7080-3A35-4C68-A5E0-627DB66C302D}.Debug|Any CPU.ActiveCfg = Debug|Any CPU
		{F31B7080-3A35-4C68-A5E0-627DB66C302D}.Debug|Any CPU.Build.0 = Debug|Any CPU
		{F31B7080-3A35-4C68-A5E0-627DB66C302D}.Release|Any CPU.ActiveCfg = Release|Any CPU
		{F31B7080-3A35-4C68-A5E0-627DB66C302D}.Release|Any CPU.Build.0 = Release|Any CPU
	EndGlobalSection
	GlobalSection(SolutionProperties) = preSolution
		HideSolutionNode = FALSE
	EndGlobalSection
	GlobalSection(ExtensibilityGlobals) = postSolution
		SolutionGuid = {BDF46D46-BD68-4057-844D-8F31240AC0C6}
	EndGlobalSection
EndGlobal
